
Microsoft Visual Studio Solution File, Format Version 12.00
# Visual Studio Version 17
VisualStudioVersion = 17.8.34309.116
MinimumVisualStudioVersion = 10.0.40219.1
Project("{8BC9CEB8-8B4A-11D0-8D11-00A0C91BC942}") = "DZ 3 OOP", "DZ 3 OOP.vcxproj", "{1E5DA510-3E72-45AF-B191-C63B4A745F6F}"
EndProject
Global
	GlobalSection(SolutionConfigurationPlatforms) = preSolution
		Debug|x64 = Debug|x64
		Debug|x86 = Debug|x86
		Release|x64 = Release|x64
		Release|x86 = Release|x86
	EndGlobalSection
	GlobalSection(ProjectConfigurationPlatforms) = postSolution
		{1E5DA510-3E72-45AF-B191-C63B4A745F6F}.Debug|x64.ActiveCfg = Debug|x64
		{1E5DA510-3E72-45AF-B191-C63B4A745F6F}.Debug|x64.Build.0 = Debug|x64
		{1E5DA510-3E72-45AF-B191-C63B4A745F6F}.Debug|x86.ActiveCfg = Debug|Win32
		{1E5DA510-3E72-45AF-B191-C63B4A745F6F}.Debug|x86.Build.0 = Debug|Win32
		{1E5DA510-3E72-45AF-B191-C63B4A745F6F}.Release|x64.ActiveCfg = Release|x64
		{1E5DA510-3E72-45AF-B191-C63B4A745F6F}.Release|x64.Build.0 = Release|x64
		{1E5DA510-3E72-45AF-B191-C63B4A745F6F}.Release|x86.ActiveCfg = Release|Win32
		{1E5DA510-3E72-45AF-B191-C63B4A745F6F}.Release|x86.Build.0 = Release|Win32
	EndGlobalSection
	GlobalSection(SolutionProperties) = preSolution
		HideSolutionNode = FALSE
	EndGlobalSection
	GlobalSection(ExtensibilityGlobals) = postSolution
		SolutionGuid = {E1B148D1-B4CF-4D7A-AAEA-18D5A1A70E8F}
	EndGlobalSection
EndGlobal
